
Microsoft Visual Studio Solution File, Format Version 12.00
# Visual Studio Version 16
VisualStudioVersion = 16.0.30907.101
MinimumVisualStudioVersion = 10.0.40219.1
Project("{FAE04EC0-301F-11D3-BF4B-00C04F79EFBC}") = "ProductStoreEditor", "ProductStoreEditor\ProductStoreEditor.csproj", "{7CE30BED-E97C-40D8-AFE9-04DBD442F7F4}"
EndProject
Project("{FAE04EC0-301F-11D3-BF4B-00C04F79EFBC}") = "ProductStoreDatabase", "ProductStoreDatabase\ProductStoreDatabase.csproj", "{B8E1ADF7-0869-4879-AA19-23D556482732}"
EndProject
Global
	GlobalSection(SolutionConfigurationPlatforms) = preSolution
		Debug|Any CPU = Debug|Any CPU
		Release|Any CPU = Release|Any CPU
	EndGlobalSection
	GlobalSection(ProjectConfigurationPlatforms) = postSolution
		{7CE30BED-E97C-40D8-AFE9-04DBD442F7F4}.Debug|Any CPU.ActiveCfg = Debug|Any CPU
		{7CE30BED-E97C-40D8-AFE9-04DBD442F7F4}.Debug|Any CPU.Build.0 = Debug|Any CPU
		{7CE30BED-E97C-40D8-AFE9-04DBD442F7F4}.Release|Any CPU.ActiveCfg = Release|Any CPU
		{7CE30BED-E97C-40D8-AFE9-04DBD442F7F4}.Release|Any CPU.Build.0 = Release|Any CPU
		{B8E1ADF7-0869-4879-AA19-23D556482732}.Debug|Any CPU.ActiveCfg = Debug|Any CPU
		{B8E1ADF7-0869-4879-AA19-23D556482732}.Debug|Any CPU.Build.0 = Debug|Any CPU
		{B8E1ADF7-0869-4879-AA19-23D556482732}.Release|Any CPU.ActiveCfg = Release|Any CPU
		{B8E1ADF7-0869-4879-AA19-23D556482732}.Release|Any CPU.Build.0 = Release|Any CPU
	EndGlobalSection
	GlobalSection(SolutionProperties) = preSolution
		HideSolutionNode = FALSE
	EndGlobalSection
	GlobalSection(ExtensibilityGlobals) = postSolution
		SolutionGuid = {322D6B62-3CCA-4C8B-885B-5EAD19458C5F}
	EndGlobalSection
EndGlobal
