
Microsoft Visual Studio Solution File, Format Version 12.00
# Visual Studio Version 16
VisualStudioVersion = 16.0.30907.101
MinimumVisualStudioVersion = 10.0.40219.1
Project("{FAE04EC0-301F-11D3-BF4B-00C04F79EFBC}") = "ProductStoreDatabase", "ProductStoreDatabase\ProductStoreDatabase.csproj", "{3F1E903D-9FAC-483C-912E-609A8E4502E4}"
EndProject
Project("{FAE04EC0-301F-11D3-BF4B-00C04F79EFBC}") = "ProductStoreEditor", "ProductStoreEditor\ProductStoreEditor.csproj", "{6CAB0BA2-9803-4AEB-BA35-990F091B93EA}"
EndProject
Global
	GlobalSection(SolutionConfigurationPlatforms) = preSolution
		Debug|Any CPU = Debug|Any CPU
		Release|Any CPU = Release|Any CPU
	EndGlobalSection
	GlobalSection(ProjectConfigurationPlatforms) = postSolution
		{3F1E903D-9FAC-483C-912E-609A8E4502E4}.Debug|Any CPU.ActiveCfg = Debug|Any CPU
		{3F1E903D-9FAC-483C-912E-609A8E4502E4}.Debug|Any CPU.Build.0 = Debug|Any CPU
		{3F1E903D-9FAC-483C-912E-609A8E4502E4}.Release|Any CPU.ActiveCfg = Release|Any CPU
		{3F1E903D-9FAC-483C-912E-609A8E4502E4}.Release|Any CPU.Build.0 = Release|Any CPU
		{6CAB0BA2-9803-4AEB-BA35-990F091B93EA}.Debug|Any CPU.ActiveCfg = Debug|Any CPU
		{6CAB0BA2-9803-4AEB-BA35-990F091B93EA}.Debug|Any CPU.Build.0 = Debug|Any CPU
		{6CAB0BA2-9803-4AEB-BA35-990F091B93EA}.Release|Any CPU.ActiveCfg = Release|Any CPU
		{6CAB0BA2-9803-4AEB-BA35-990F091B93EA}.Release|Any CPU.Build.0 = Release|Any CPU
	EndGlobalSection
	GlobalSection(SolutionProperties) = preSolution
		HideSolutionNode = FALSE
	EndGlobalSection
	GlobalSection(ExtensibilityGlobals) = postSolution
		SolutionGuid = {322D6B62-3CCA-4C8B-885B-5EAD19458C5F}
	EndGlobalSection
EndGlobal
